PODS:
  - KRActivityIndicatorView (3.0.4)
  - KRProgressHUD (3.4.4):
    - KRActivityIndicatorView (= 3.0.4)
  - NVActivityIndicatorView (4.8.0):
    - NVActivityIndicatorView/Presenter (= 4.8.0)
  - NVActivityIndicatorView/Presenter (4.8.0)
  - ReachabilitySwift (5.0.0)
  - SVProgressHUD (2.2.5)
  - XR_CommonTool (0.0.6):
    - KRProgressHUD
    - NVActivityIndicatorView
    - ReachabilitySwift
    - SVProgressHUD

DEPENDENCIES:
  - XR_CommonTool (from `../`)

SPEC REPOS:
  https://github.com/CocoaPods/Specs.git:
    - KRActivityIndicatorView
    - KRProgressHUD
    - NVActivityIndicatorView
    - SVProgressHUD
  trunk:
    - ReachabilitySwift

EXTERNAL SOURCES:
  XR_CommonTool:
    :path: "../"

SPEC CHECKSUMS:
  KRActivityIndicatorView: 549db10b9578d58bac73db063d8b544e8970f7f2
  KRProgressHUD: c3b9a48a0ee4824ea13212ac3f1efa50dca021e3
  NVActivityIndicatorView: d24b7ebcf80af5dcd994adb650e2b6c93379270f
  ReachabilitySwift: 985039c6f7b23a1da463388634119492ff86c825
  SVProgressHUD: 1428aafac632c1f86f62aa4243ec12008d7a51d6
  XR_CommonTool: 624945a85856cc5e9ea03abd90d884cfdc235c01

PODFILE CHECKSUM: 5a3772a611c8a92fae9170753471d13ea7922b52

COCOAPODS: 1.8.4
